
Microsoft Visual Studio Solution File, Format Version 12.00
# Visual Studio Version 17
VisualStudioVersion = 17.5.002.0
MinimumVisualStudioVersion = 10.0.40219.1
Project("{9A19103F-16F7-4668-BE54-9A1E7A4F7556}") = "Cornershop.Presentation.Customer", "Cornershop.Presentation.Customer.csproj", "{9BB6F00D-DDA0-4EBF-97AB-A29BA31B1C17}"
EndProject
Global
	GlobalSection(SolutionConfigurationPlatforms) = preSolution
		Debug|Any CPU = Debug|Any CPU
		Release|Any CPU = Release|Any CPU
	EndGlobalSection
	GlobalSection(ProjectConfigurationPlatforms) = postSolution
		{9BB6F00D-DDA0-4EBF-97AB-A29BA31B1C17}.Debug|Any CPU.ActiveCfg = Debug|Any CPU
		{9BB6F00D-DDA0-4EBF-97AB-A29BA31B1C17}.Debug|Any CPU.Build.0 = Debug|Any CPU
		{9BB6F00D-DDA0-4EBF-97AB-A29BA31B1C17}.Release|Any CPU.ActiveCfg = Release|Any CPU
		{9BB6F00D-DDA0-4EBF-97AB-A29BA31B1C17}.Release|Any CPU.Build.0 = Release|Any CPU
	EndGlobalSection
	GlobalSection(SolutionProperties) = preSolution
		HideSolutionNode = FALSE
	EndGlobalSection
	GlobalSection(ExtensibilityGlobals) = postSolution
		SolutionGuid = {5DC6A380-F447-4C36-B6F9-2F33845D1567}
	EndGlobalSection
EndGlobal
